
Microsoft Visual Studio Solution File, Format Version 12.00
# Visual Studio Version 16
VisualStudioVersion = 16.0.30611.23
MinimumVisualStudioVersion = 15.0.26124.0
Project("{9A19103F-16F7-4668-BE54-9A1E7A4F7556}") = "SportsStore", "SportsStore\SportsStore.csproj", "{E885FA32-A38E-4B4D-8883-AE4011FDA56B}"
EndProject
Project("{9A19103F-16F7-4668-BE54-9A1E7A4F7556}") = "SportsStore.Tests", "SportsStore.Tests\SportsStore.Tests.csproj", "{6C067047-E1A4-4582-AC3A-EEBDCED8E1F0}"
EndProject
Global
	GlobalSection(SolutionConfigurationPlatforms) = preSolution
		Debug|Any CPU = Debug|Any CPU
		Debug|x64 = Debug|x64
		Debug|x86 = Debug|x86
		Release|Any CPU = Release|Any CPU
		Release|x64 = Release|x64
		Release|x86 = Release|x86
	EndGlobalSection
	GlobalSection(ProjectConfigurationPlatforms) = postSolution
		{E885FA32-A38E-4B4D-8883-AE4011FDA56B}.Debug|Any CPU.ActiveCfg = Debug|Any CPU
		{E885FA32-A38E-4B4D-8883-AE4011FDA56B}.Debug|Any CPU.Build.0 = Debug|Any CPU
		{E885FA32-A38E-4B4D-8883-AE4011FDA56B}.Debug|x64.ActiveCfg = Debug|Any CPU
		{E885FA32-A38E-4B4D-8883-AE4011FDA56B}.Debug|x64.Build.0 = Debug|Any CPU
		{E885FA32-A38E-4B4D-8883-AE4011FDA56B}.Debug|x86.ActiveCfg = Debug|Any CPU
		{E885FA32-A38E-4B4D-8883-AE4011FDA56B}.Debug|x86.Build.0 = Debug|Any CPU
		{E885FA32-A38E-4B4D-8883-AE4011FDA56B}.Release|Any CPU.ActiveCfg = Release|Any CPU
		{E885FA32-A38E-4B4D-8883-AE4011FDA56B}.Release|Any CPU.Build.0 = Release|Any CPU
		{E885FA32-A38E-4B4D-8883-AE4011FDA56B}.Release|x64.ActiveCfg = Release|Any CPU
		{E885FA32-A38E-4B4D-8883-AE4011FDA56B}.Release|x64.Build.0 = Release|Any CPU
		{E885FA32-A38E-4B4D-8883-AE4011FDA56B}.Release|x86.ActiveCfg = Release|Any CPU
		{E885FA32-A38E-4B4D-8883-AE4011FDA56B}.Release|x86.Build.0 = Release|Any CPU
		{6C067047-E1A4-4582-AC3A-EEBDCED8E1F0}.Debug|Any CPU.ActiveCfg = Debug|Any CPU
		{6C067047-E1A4-4582-AC3A-EEBDCED8E1F0}.Debug|Any CPU.Build.0 = Debug|Any CPU
		{6C067047-E1A4-4582-AC3A-EEBDCED8E1F0}.Debug|x64.ActiveCfg = Debug|Any CPU
		{6C067047-E1A4-4582-AC3A-EEBDCED8E1F0}.Debug|x64.Build.0 = Debug|Any CPU
		{6C067047-E1A4-4582-AC3A-EEBDCED8E1F0}.Debug|x86.ActiveCfg = Debug|Any CPU
		{6C067047-E1A4-4582-AC3A-EEBDCED8E1F0}.Debug|x86.Build.0 = Debug|Any CPU
		{6C067047-E1A4-4582-AC3A-EEBDCED8E1F0}.Release|Any CPU.ActiveCfg = Release|Any CPU
		{6C067047-E1A4-4582-AC3A-EEBDCED8E1F0}.Release|Any CPU.Build.0 = Release|Any CPU
		{6C067047-E1A4-4582-AC3A-EEBDCED8E1F0}.Release|x64.ActiveCfg = Release|Any CPU
		{6C067047-E1A4-4582-AC3A-EEBDCED8E1F0}.Release|x64.Build.0 = Release|Any CPU
		{6C067047-E1A4-4582-AC3A-EEBDCED8E1F0}.Release|x86.ActiveCfg = Release|Any CPU
		{6C067047-E1A4-4582-AC3A-EEBDCED8E1F0}.Release|x86.Build.0 = Release|Any CPU
	EndGlobalSection
	GlobalSection(SolutionProperties) = preSolution
		HideSolutionNode = FALSE
	EndGlobalSection
	GlobalSection(ExtensibilityGlobals) = postSolution
		SolutionGuid = {63711C15-3812-44BB-A73D-5F171B3A5383}
	EndGlobalSection
EndGlobal
